github.com/mdwhatcott/exec v1.0.0 h1:TWaOLReNZKh047I6EkBskrZ3mM3qTMxSfR97Ex53dhk=
github.com/mdwhatcott/exec v1.0.0/go.mod h1:AbVwQivocJEdGMuBkafu/n8AZ3t26iEyCLFsxXj4lgQ=
github.com/mdwhatcott/funcy v1.7.0 h1:20+XCFp8lYg6wWTcKM2118WJUAMeUE3Ooyowq9kOF28=
github.com/mdwhatcott/funcy v1.7.0/go.mod h1:hry3gV/UZ7hDs9QaoV4k27e6w/uHWMiALhxvHQyqphg=
github.com/mdwhatcott/go-set/v2 v2.0.1 h1:KEPe5jrZZhJd7Al6ZyENFfXKz34S21tjoubMN9kfMpg=
github.com/mdwhatcott/go-set/v2 v2.0.1/go.mod h1:gnLMxayqGJiKQ9uZoqoZLvHuvxgmcnCF1ldKrWSlOgU=
github.com/mdwhatcott/must v1.1.0 h1:ZN/cTpnkRuz9amHEp/7mm7ICXQfMtYQ/HzcBiwXltP4=
github.com/mdwhatcott/must v1.1.0/go.mod h1:3rldN1MW4me3st97YNJxDm3L+zo5R5kKoh7Km75kWnY=
github.com/mdwhatcott/slogging v1.0.0 h1:obpPne/9MV0tjHV1X7l2vepmWLd4HKa341yqOOa1jOo=
github.com/mdwhatcott/slogging v1.0.0/go.mod h1:3q7t9MfCAxBp/XRsGRj6q4S2vyFUFalMIEOv0sQCKTQ=
github.com/mdwhatcott/testing v1.2.0 h1:6k+vxQ3YSwLLKgukx9K/9ZeMPbwALuKuCAiajnTIX9k=
github.com/mdwhatcott/testing v1.2.0/go.mod h1:DKbNObO+bditG0r27w3ZZmgcwOZiy6Yh6kFUKwvAGeI=
github.com/mdwhatcott/tui v1.0.0 h1:UDQqnA4uwhBWx7TxE+rquzn7VbysD6qQlunUwLVQt3M=
github.com/mdwhatcott/tui v1.0.0/go.mod h1:1CLnrH75UMfqa3n2jN/XVpx/YbH9CccQ/RzgA0nQKmg=
